
Microsoft Visual Studio Solution File, Format Version 12.00
# Visual Studio Version 16
VisualStudioVersion = 16.0.31727.386
MinimumVisualStudioVersion = 10.0.40219.1
Project("{FAE04EC0-301F-11D3-BF4B-00C04F79EFBC}") = "VideoGames", "VideoGames.csproj", "{08902568-431B-4618-8FE9-93DE07B8F538}"
EndProject
Global
	GlobalSection(SolutionConfigurationPlatforms) = preSolution
		Debug|Any CPU = Debug|Any CPU
		Release|Any CPU = Release|Any CPU
	EndGlobalSection
	GlobalSection(ProjectConfigurationPlatforms) = postSolution
		{08902568-431B-4618-8FE9-93DE07B8F538}.Debug|Any CPU.ActiveCfg = Debug|Any CPU
		{08902568-431B-4618-8FE9-93DE07B8F538}.Debug|Any CPU.Build.0 = Debug|Any CPU
		{08902568-431B-4618-8FE9-93DE07B8F538}.Release|Any CPU.ActiveCfg = Release|Any CPU
		{08902568-431B-4618-8FE9-93DE07B8F538}.Release|Any CPU.Build.0 = Release|Any CPU
	EndGlobalSection
	GlobalSection(SolutionProperties) = preSolution
		HideSolutionNode = FALSE
	EndGlobalSection
	GlobalSection(ExtensibilityGlobals) = postSolution
		SolutionGuid = {10B39736-9E83-49CD-98EA-7895A03E6586}
	EndGlobalSection
EndGlobal
